
Microsoft Visual Studio Solution File, Format Version 12.00
# Visual Studio 15
VisualStudioVersion = 15.0.28307.329
MinimumVisualStudioVersion = 10.0.40219.1
Project("{FAE04EC0-301F-11D3-BF4B-00C04F79EFBC}") = "WebApplication1", "WebApplication1\WebApplication1.csproj", "{770A92DC-A7CB-409B-934B-2B04CEF8DB72}"
EndProject
Global
	GlobalSection(SolutionConfigurationPlatforms) = preSolution
		Debug|Any CPU = Debug|Any CPU
		Release|Any CPU = Release|Any CPU
	EndGlobalSection
	GlobalSection(ProjectConfigurationPlatforms) = postSolution
		{770A92DC-A7CB-409B-934B-2B04CEF8DB72}.Debug|Any CPU.ActiveCfg = Debug|Any CPU
		{770A92DC-A7CB-409B-934B-2B04CEF8DB72}.Debug|Any CPU.Build.0 = Debug|Any CPU
		{770A92DC-A7CB-409B-934B-2B04CEF8DB72}.Release|Any CPU.ActiveCfg = Release|Any CPU
		{770A92DC-A7CB-409B-934B-2B04CEF8DB72}.Release|Any CPU.Build.0 = Release|Any CPU
	EndGlobalSection
	GlobalSection(SolutionProperties) = preSolution
		HideSolutionNode = FALSE
	EndGlobalSection
	GlobalSection(ExtensibilityGlobals) = postSolution
		SolutionGuid = {761E0BC4-50DA-4618-896E-AE656C3FAD97}
	EndGlobalSection
EndGlobal
